
Microsoft Visual Studio Solution File, Format Version 12.00
# Visual Studio Version 17
VisualStudioVersion = 17.7.34031.279
MinimumVisualStudioVersion = 10.0.40219.1
Project("{FAE04EC0-301F-11D3-BF4B-00C04F79EFBC}") = "RepasoGarciaBarreraSergio", "RepasoGarciaBarreraSergio\RepasoGarciaBarreraSergio.csproj", "{F3D9EA0E-28D7-4A9A-8EE6-56B6578C506D}"
EndProject
Global
	GlobalSection(SolutionConfigurationPlatforms) = preSolution
		Debug|Any CPU = Debug|Any CPU
		Release|Any CPU = Release|Any CPU
	EndGlobalSection
	GlobalSection(ProjectConfigurationPlatforms) = postSolution
		{F3D9EA0E-28D7-4A9A-8EE6-56B6578C506D}.Debug|Any CPU.ActiveCfg = Debug|Any CPU
		{F3D9EA0E-28D7-4A9A-8EE6-56B6578C506D}.Debug|Any CPU.Build.0 = Debug|Any CPU
		{F3D9EA0E-28D7-4A9A-8EE6-56B6578C506D}.Release|Any CPU.ActiveCfg = Release|Any CPU
		{F3D9EA0E-28D7-4A9A-8EE6-56B6578C506D}.Release|Any CPU.Build.0 = Release|Any CPU
	EndGlobalSection
	GlobalSection(SolutionProperties) = preSolution
		HideSolutionNode = FALSE
	EndGlobalSection
	GlobalSection(ExtensibilityGlobals) = postSolution
		SolutionGuid = {811A57C0-A041-40E4-AEE3-DEBD39BE9698}
	EndGlobalSection
EndGlobal
